
Microsoft Visual Studio Solution File, Format Version 12.00
# Visual Studio 15
VisualStudioVersion = 15.0.28307.489
MinimumVisualStudioVersion = 10.0.40219.1
Project("{2150E333-8FDC-42A3-9474-1A3956D46DE8}") = "src", "src", "{67568D7E-A7B1-434B-A3EE-869B976860E0}"
EndProject
Project("{2150E333-8FDC-42A3-9474-1A3956D46DE8}") = "services", "services", "{47733F85-577B-4E7A-A183-7B7E0F1D04FA}"
EndProject
Project("{2150E333-8FDC-42A3-9474-1A3956D46DE8}") = "web", "web", "{E124B43D-0CCF-45A4-900B-DD69EE5325B3}"
EndProject
Project("{9A19103F-16F7-4668-BE54-9A1E7A4F7556}") = "ProductCatalogAPI", "ProductCatalogAPI\ProductCatalogAPI.csproj", "{A9BFE2F6-5512-48A8-A920-E4D39D502A80}"
EndProject
Project("{E53339B2-1760-4266-BCC7-CA923CBCF16C}") = "docker-compose", "docker-compose.dcproj", "{392C48A9-3D75-4574-AFC7-A732A907C5A9}"
EndProject
Project("{9A19103F-16F7-4668-BE54-9A1E7A4F7556}") = "WebMvc", "WebMvc\WebMvc.csproj", "{2C096B11-319F-4547-82BF-7995995EB0C1}"
EndProject
Project("{9A19103F-16F7-4668-BE54-9A1E7A4F7556}") = "TokenServiceApi", "TokenServiceApi\TokenServiceApi.csproj", "{302ED872-A6C0-483A-9ABC-311B017495A8}"
EndProject
Global
	GlobalSection(SolutionConfigurationPlatforms) = preSolution
		Debug|Any CPU = Debug|Any CPU
		Release|Any CPU = Release|Any CPU
	EndGlobalSection
	GlobalSection(ProjectConfigurationPlatforms) = postSolution
		{A9BFE2F6-5512-48A8-A920-E4D39D502A80}.Debug|Any CPU.ActiveCfg = Debug|Any CPU
		{A9BFE2F6-5512-48A8-A920-E4D39D502A80}.Debug|Any CPU.Build.0 = Debug|Any CPU
		{A9BFE2F6-5512-48A8-A920-E4D39D502A80}.Release|Any CPU.ActiveCfg = Release|Any CPU
		{A9BFE2F6-5512-48A8-A920-E4D39D502A80}.Release|Any CPU.Build.0 = Release|Any CPU
		{392C48A9-3D75-4574-AFC7-A732A907C5A9}.Debug|Any CPU.ActiveCfg = Debug|Any CPU
		{392C48A9-3D75-4574-AFC7-A732A907C5A9}.Debug|Any CPU.Build.0 = Debug|Any CPU
		{392C48A9-3D75-4574-AFC7-A732A907C5A9}.Release|Any CPU.ActiveCfg = Release|Any CPU
		{392C48A9-3D75-4574-AFC7-A732A907C5A9}.Release|Any CPU.Build.0 = Release|Any CPU
		{2C096B11-319F-4547-82BF-7995995EB0C1}.Debug|Any CPU.ActiveCfg = Debug|Any CPU
		{2C096B11-319F-4547-82BF-7995995EB0C1}.Debug|Any CPU.Build.0 = Debug|Any CPU
		{2C096B11-319F-4547-82BF-7995995EB0C1}.Release|Any CPU.ActiveCfg = Release|Any CPU
		{2C096B11-319F-4547-82BF-7995995EB0C1}.Release|Any CPU.Build.0 = Release|Any CPU
		{302ED872-A6C0-483A-9ABC-311B017495A8}.Debug|Any CPU.ActiveCfg = Debug|Any CPU
		{302ED872-A6C0-483A-9ABC-311B017495A8}.Debug|Any CPU.Build.0 = Debug|Any CPU
		{302ED872-A6C0-483A-9ABC-311B017495A8}.Release|Any CPU.ActiveCfg = Release|Any CPU
		{302ED872-A6C0-483A-9ABC-311B017495A8}.Release|Any CPU.Build.0 = Release|Any CPU
	EndGlobalSection
	GlobalSection(SolutionProperties) = preSolution
		HideSolutionNode = FALSE
	EndGlobalSection
	GlobalSection(NestedProjects) = preSolution
		{47733F85-577B-4E7A-A183-7B7E0F1D04FA} = {67568D7E-A7B1-434B-A3EE-869B976860E0}
		{E124B43D-0CCF-45A4-900B-DD69EE5325B3} = {67568D7E-A7B1-434B-A3EE-869B976860E0}
		{A9BFE2F6-5512-48A8-A920-E4D39D502A80} = {47733F85-577B-4E7A-A183-7B7E0F1D04FA}
		{2C096B11-319F-4547-82BF-7995995EB0C1} = {E124B43D-0CCF-45A4-900B-DD69EE5325B3}
		{302ED872-A6C0-483A-9ABC-311B017495A8} = {47733F85-577B-4E7A-A183-7B7E0F1D04FA}
	EndGlobalSection
	GlobalSection(ExtensibilityGlobals) = postSolution
		SolutionGuid = {4873AE24-9A5D-4D59-B480-B8D204B3737C}
	EndGlobalSection
EndGlobal
